
Microsoft Visual Studio Solution File, Format Version 12.00
# Visual Studio Version 16
VisualStudioVersion = 16.0.30804.86
MinimumVisualStudioVersion = 10.0.40219.1
Project("{FAE04EC0-301F-11D3-BF4B-00C04F79EFBC}") = "NestedIfStatements", "NestedIfStatements\NestedIfStatements.csproj", "{9307F52F-77EB-4945-8348-F7CB313FDB7F}"
EndProject
Global
	GlobalSection(SolutionConfigurationPlatforms) = preSolution
		Debug|Any CPU = Debug|Any CPU
		Release|Any CPU = Release|Any CPU
	EndGlobalSection
	GlobalSection(ProjectConfigurationPlatforms) = postSolution
		{9307F52F-77EB-4945-8348-F7CB313FDB7F}.Debug|Any CPU.ActiveCfg = Debug|Any CPU
		{9307F52F-77EB-4945-8348-F7CB313FDB7F}.Debug|Any CPU.Build.0 = Debug|Any CPU
		{9307F52F-77EB-4945-8348-F7CB313FDB7F}.Release|Any CPU.ActiveCfg = Release|Any CPU
		{9307F52F-77EB-4945-8348-F7CB313FDB7F}.Release|Any CPU.Build.0 = Release|Any CPU
	EndGlobalSection
	GlobalSection(SolutionProperties) = preSolution
		HideSolutionNode = FALSE
	EndGlobalSection
	GlobalSection(ExtensibilityGlobals) = postSolution
		SolutionGuid = {35B72EF0-D5F9-419D-9AED-4513245AEE87}
	EndGlobalSection
EndGlobal
